// !$*UTF8*$!
{
	archiveVersion = 1;
	classes = {
	};
	objectVersion = 56;
	objects = {

/* Begin PBXBuildFile section */
		7149370E29F527E4001792FC /* PlayerModel.swift in Sources */ = {isa = PBXBuildFile; fileRef = 7149370D29F527E4001792FC /* PlayerModel.swift */; };
		7149371029F52826001792FC /* CodableBundleExtension.swift in Sources */ = {isa = PBXBuildFile; fileRef = 7149370F29F52826001792FC /* CodableBundleExtension.swift */; };
		7149371229F5295A001792FC /* FeaturedItemView.swift in Sources */ = {isa = PBXBuildFile; fileRef = 7149371129F5295A001792FC /* FeaturedItemView.swift */; };
		7149371429F529FB001792FC /* FeaturedTabView.swift in Sources */ = {isa = PBXBuildFile; fileRef = 7149371329F529FB001792FC /* FeaturedTabView.swift */; };
		7149371629F52E17001792FC /* CategoryModel.swift in Sources */ = {isa = PBXBuildFile; fileRef = 7149371529F52E17001792FC /* CategoryModel.swift */; };
		7149371829F52EAF001792FC /* CategoryItemView.swift in Sources */ = {isa = PBXBuildFile; fileRef = 7149371729F52EAF001792FC /* CategoryItemView.swift */; };
		7149371A29F52FAA001792FC /* CategoryGridView.swift in Sources */ = {isa = PBXBuildFile; fileRef = 7149371929F52FAA001792FC /* CategoryGridView.swift */; };
		7149371C29F53102001792FC /* SectionView.swift in Sources */ = {isa = PBXBuildFile; fileRef = 7149371B29F53102001792FC /* SectionView.swift */; };
		718E76C229F286B3004CCA95 /* TouchdownApp.swift in Sources */ = {isa = PBXBuildFile; fileRef = 718E76C129F286B3004CCA95 /* TouchdownApp.swift */; };
		718E76C429F286B3004CCA95 /* ContentView.swift in Sources */ = {isa = PBXBuildFile; fileRef = 718E76C329F286B3004CCA95 /* ContentView.swift */; };
		718E76C629F286B5004CCA95 /* Assets.xcassets in Resources */ = {isa = PBXBuildFile; fileRef = 718E76C529F286B5004CCA95 /* Assets.xcassets */; };
		718E76C929F286B5004CCA95 /* Preview Assets.xcassets in Resources */ = {isa = PBXBuildFile; fileRef = 718E76C829F286B5004CCA95 /* Preview Assets.xcassets */; };
		718E76D329F28771004CCA95 /* player.json in Resources */ = {isa = PBXBuildFile; fileRef = 718E76CF29F28771004CCA95 /* player.json */; };
		718E76D429F28771004CCA95 /* brand.json in Resources */ = {isa = PBXBuildFile; fileRef = 718E76D029F28771004CCA95 /* brand.json */; };
		718E76D529F28771004CCA95 /* category.json in Resources */ = {isa = PBXBuildFile; fileRef = 718E76D129F28771004CCA95 /* category.json */; };
		718E76D629F28771004CCA95 /* product.json in Resources */ = {isa = PBXBuildFile; fileRef = 718E76D229F28771004CCA95 /* product.json */; };
		718E76E129F28907004CCA95 /* Constant.swift in Sources */ = {isa = PBXBuildFile; fileRef = 718E76E029F28907004CCA95 /* Constant.swift */; };
		718E76E329F28989004CCA95 /* FooterView.swift in Sources */ = {isa = PBXBuildFile; fileRef = 718E76E229F28989004CCA95 /* FooterView.swift */; };
		718E76E529F28C02004CCA95 /* NavigationBarView.swift in Sources */ = {isa = PBXBuildFile; fileRef = 718E76E429F28C02004CCA95 /* NavigationBarView.swift */; };
		718E76E729F28D5A004CCA95 /* LogoView.swift in Sources */ = {isa = PBXBuildFile; fileRef = 718E76E629F28D5A004CCA95 /* LogoView.swift */; };
/* End PBXBuildFile section */

/* Begin PBXFileReference section */
		7149370D29F527E4001792FC /* PlayerModel.swift */ = {isa = PBXFileReference; lastKnownFileType = sourcecode.swift; path = PlayerModel.swift; sourceTree = "<group>"; };
		7149370F29F52826001792FC /* CodableBundleExtension.swift */ = {isa = PBXFileReference; lastKnownFileType = sourcecode.swift; path = CodableBundleExtension.swift; sourceTree = "<group>"; };
		7149371129F5295A001792FC /* FeaturedItemView.swift */ = {isa = PBXFileReference; lastKnownFileType = sourcecode.swift; path = FeaturedItemView.swift; sourceTree = "<group>"; };
		7149371329F529FB001792FC /* FeaturedTabView.swift */ = {isa = PBXFileReference; lastKnownFileType = sourcecode.swift; path = FeaturedTabView.swift; sourceTree = "<group>"; };
		7149371529F52E17001792FC /* CategoryModel.swift */ = {isa = PBXFileReference; lastKnownFileType = sourcecode.swift; path = CategoryModel.swift; sourceTree = "<group>"; };
		7149371729F52EAF001792FC /* CategoryItemView.swift */ = {isa = PBXFileReference; lastKnownFileType = sourcecode.swift; path = CategoryItemView.swift; sourceTree = "<group>"; };
		7149371929F52FAA001792FC /* CategoryGridView.swift */ = {isa = PBXFileReference; lastKnownFileType = sourcecode.swift; path = CategoryGridView.swift; sourceTree = "<group>"; };
		7149371B29F53102001792FC /* SectionView.swift */ = {isa = PBXFileReference; lastKnownFileType = sourcecode.swift; path = SectionView.swift; sourceTree = "<group>"; };
		718E76BE29F286B3004CCA95 /* Touchdown.app */ = {isa = PBXFileReference; explicitFileType = wrapper.application; includeInIndex = 0; path = Touchdown.app; sourceTree = BUILT_PRODUCTS_DIR; };
		718E76C129F286B3004CCA95 /* TouchdownApp.swift */ = {isa = PBXFileReference; lastKnownFileType = sourcecode.swift; path = TouchdownApp.swift; sourceTree = "<group>"; };
		718E76C329F286B3004CCA95 /* ContentView.swift */ = {isa = PBXFileReference; lastKnownFileType = sourcecode.swift; path = ContentView.swift; sourceTree = "<group>"; };
		718E76C529F286B5004CCA95 /* Assets.xcassets */ = {isa = PBXFileReference; lastKnownFileType = folder.assetcatalog; path = Assets.xcassets; sourceTree = "<group>"; };
		718E76C829F286B5004CCA95 /* Preview Assets.xcassets */ = {isa = PBXFileReference; lastKnownFileType = folder.assetcatalog; path = "Preview Assets.xcassets"; sourceTree = "<group>"; };
		718E76CF29F28771004CCA95 /* player.json */ = {isa = PBXFileReference; fileEncoding = 4; lastKnownFileType = text.json; path = player.json; sourceTree = "<group>"; };
		718E76D029F28771004CCA95 /* brand.json */ = {isa = PBXFileReference; fileEncoding = 4; lastKnownFileType = text.json; path = brand.json; sourceTree = "<group>"; };
		718E76D129F28771004CCA95 /* category.json */ = {isa = PBXFileReference; fileEncoding = 4; lastKnownFileType = text.json; path = category.json; sourceTree = "<group>"; };
		718E76D229F28771004CCA95 /* product.json */ = {isa = PBXFileReference; fileEncoding = 4; lastKnownFileType = text.json; path = product.json; sourceTree = "<group>"; };
		718E76D829F287C0004CCA95 /* Info.plist */ = {isa = PBXFileReference; lastKnownFileType = text.plist.xml; path = Info.plist; sourceTree = "<group>"; };
		718E76E029F28907004CCA95 /* Constant.swift */ = {isa = PBXFileReference; lastKnownFileType = sourcecode.swift; path = Constant.swift; sourceTree = "<group>"; };
		718E76E229F28989004CCA95 /* FooterView.swift */ = {isa = PBXFileReference; lastKnownFileType = sourcecode.swift; path = FooterView.swift; sourceTree = "<group>"; };
		718E76E429F28C02004CCA95 /* NavigationBarView.swift */ = {isa = PBXFileReference; lastKnownFileType = sourcecode.swift; path = NavigationBarView.swift; sourceTree = "<group>"; };
		718E76E629F28D5A004CCA95 /* LogoView.swift */ = {isa = PBXFileReference; lastKnownFileType = sourcecode.swift; path = LogoView.swift; sourceTree = "<group>"; };
/* End PBXFileReference section */

/* Begin PBXFrameworksBuildPhase section */
		718E76BB29F286B3004CCA95 /* Frameworks */ = {
			isa = PBXFrameworksBuildPhase;
			buildActionMask = 2147483647;
			files = (
			);
			runOnlyForDeploymentPostprocessing = 0;
		};
/* End PBXFrameworksBuildPhase section */

/* Begin PBXGroup section */
		718E76B529F286B3004CCA95 = {
			isa = PBXGroup;
			children = (
				718E76C029F286B3004CCA95 /* Touchdown */,
				718E76BF29F286B3004CCA95 /* Products */,
			);
			sourceTree = "<group>";
		};
		718E76BF29F286B3004CCA95 /* Products */ = {
			isa = PBXGroup;
			children = (
				718E76BE29F286B3004CCA95 /* Touchdown.app */,
			);
			name = Products;
			sourceTree = "<group>";
		};
		718E76C029F286B3004CCA95 /* Touchdown */ = {
			isa = PBXGroup;
			children = (
				718E76D929F2884A004CCA95 /* App */,
				718E76DA29F28852004CCA95 /* View */,
				718E76D729F28783004CCA95 /* Data */,
				718E76DD29F28864004CCA95 /* Model */,
				718E76DE29F2886C004CCA95 /* Extension */,
				718E76DF29F28883004CCA95 /* Utility */,
				718E76D829F287C0004CCA95 /* Info.plist */,
				718E76C529F286B5004CCA95 /* Assets.xcassets */,
				718E76C729F286B5004CCA95 /* Preview Content */,
			);
			path = Touchdown;
			sourceTree = "<group>";
		};
		718E76C729F286B5004CCA95 /* Preview Content */ = {
			isa = PBXGroup;
			children = (
				718E76C829F286B5004CCA95 /* Preview Assets.xcassets */,
			);
			path = "Preview Content";
			sourceTree = "<group>";
		};
		718E76D729F28783004CCA95 /* Data */ = {
			isa = PBXGroup;
			children = (
				718E76D029F28771004CCA95 /* brand.json */,
				718E76D129F28771004CCA95 /* category.json */,
				718E76CF29F28771004CCA95 /* player.json */,
				718E76D229F28771004CCA95 /* product.json */,
			);
			path = Data;
			sourceTree = "<group>";
		};
		718E76D929F2884A004CCA95 /* App */ = {
			isa = PBXGroup;
			children = (
				718E76C129F286B3004CCA95 /* TouchdownApp.swift */,
				718E76C329F286B3004CCA95 /* ContentView.swift */,
			);
			path = App;
			sourceTree = "<group>";
		};
		718E76DA29F28852004CCA95 /* View */ = {
			isa = PBXGroup;
			children = (
				718E76DC29F2885C004CCA95 /* Detail */,
				718E76DB29F28856004CCA95 /* Home */,
			);
			path = View;
			sourceTree = "<group>";
		};
		718E76DB29F28856004CCA95 /* Home */ = {
			isa = PBXGroup;
			children = (
				718E76E229F28989004CCA95 /* FooterView.swift */,
				718E76E429F28C02004CCA95 /* NavigationBarView.swift */,
				718E76E629F28D5A004CCA95 /* LogoView.swift */,
				7149371129F5295A001792FC /* FeaturedItemView.swift */,
				7149371329F529FB001792FC /* FeaturedTabView.swift */,
				7149371729F52EAF001792FC /* CategoryItemView.swift */,
				7149371929F52FAA001792FC /* CategoryGridView.swift */,
				7149371B29F53102001792FC /* SectionView.swift */,
			);
			path = Home;
			sourceTree = "<group>";
		};
		718E76DC29F2885C004CCA95 /* Detail */ = {
			isa = PBXGroup;
			children = (
			);
			path = Detail;
			sourceTree = "<group>";
		};
		718E76DD29F28864004CCA95 /* Model */ = {
			isa = PBXGroup;
			children = (
				7149370D29F527E4001792FC /* PlayerModel.swift */,
				7149371529F52E17001792FC /* CategoryModel.swift */,
			);
			path = Model;
			sourceTree = "<group>";
		};
		718E76DE29F2886C004CCA95 /* Extension */ = {
			isa = PBXGroup;
			children = (
				7149370F29F52826001792FC /* CodableBundleExtension.swift */,
			);
			path = Extension;
			sourceTree = "<group>";
		};
		718E76DF29F28883004CCA95 /* Utility */ = {
			isa = PBXGroup;
			children = (
				718E76E029F28907004CCA95 /* Constant.swift */,
			);
			path = Utility;
			sourceTree = "<group>";
		};
/* End PBXGroup section */

/* Begin PBXNativeTarget section */
		718E76BD29F286B3004CCA95 /* Touchdown */ = {
			isa = PBXNativeTarget;
			buildConfigurationList = 718E76CC29F286B5004CCA95 /* Build configuration list for PBXNativeTarget "Touchdown" */;
			buildPhases = (
				718E76BA29F286B3004CCA95 /* Sources */,
				718E76BB29F286B3004CCA95 /* Frameworks */,
				718E76BC29F286B3004CCA95 /* Resources */,
			);
			buildRules = (
			);
			dependencies = (
			);
			name = Touchdown;
			productName = Touchdown;
			productReference = 718E76BE29F286B3004CCA95 /* Touchdown.app */;
			productType = "com.apple.product-type.application";
		};
/* End PBXNativeTarget section */

/* Begin PBXProject section */
		718E76B629F286B3004CCA95 /* Project object */ = {
			isa = PBXProject;
			attributes = {
				BuildIndependentTargetsInParallel = 1;
				LastSwiftUpdateCheck = 1430;
				LastUpgradeCheck = 1430;
				TargetAttributes = {
					718E76BD29F286B3004CCA95 = {
						CreatedOnToolsVersion = 14.3;
					};
				};
			};
			buildConfigurationList = 718E76B929F286B3004CCA95 /* Build configuration list for PBXProject "Touchdown" */;
			compatibilityVersion = "Xcode 14.0";
			developmentRegion = en;
			hasScannedForEncodings = 0;
			knownRegions = (
				en,
				Base,
			);
			mainGroup = 718E76B529F286B3004CCA95;
			productRefGroup = 718E76BF29F286B3004CCA95 /* Products */;
			projectDirPath = "";
			projectRoot = "";
			targets = (
				718E76BD29F286B3004CCA95 /* Touchdown */,
			);
		};
/* End PBXProject section */

/* Begin PBXResourcesBuildPhase section */
		718E76BC29F286B3004CCA95 /* Resources */ = {
			isa = PBXResourcesBuildPhase;
			buildActionMask = 2147483647;
			files = (
				718E76D329F28771004CCA95 /* player.json in Resources */,
				718E76D429F28771004CCA95 /* brand.json in Resources */,
				718E76D529F28771004CCA95 /* category.json in Resources */,
				718E76C929F286B5004CCA95 /* Preview Assets.xcassets in Resources */,
				718E76C629F286B5004CCA95 /* Assets.xcassets in Resources */,
				718E76D629F28771004CCA95 /* product.json in Resources */,
			);
			runOnlyForDeploymentPostprocessing = 0;
		};
/* End PBXResourcesBuildPhase section */

/* Begin PBXSourcesBuildPhase section */
		718E76BA29F286B3004CCA95 /* Sources */ = {
			isa = PBXSourcesBuildPhase;
			buildActionMask = 2147483647;
			files = (
				7149371029F52826001792FC /* CodableBundleExtension.swift in Sources */,
				718E76C429F286B3004CCA95 /* ContentView.swift in Sources */,
				718E76E729F28D5A004CCA95 /* LogoView.swift in Sources */,
				718E76E329F28989004CCA95 /* FooterView.swift in Sources */,
				7149371229F5295A001792FC /* FeaturedItemView.swift in Sources */,
				718E76C229F286B3004CCA95 /* TouchdownApp.swift in Sources */,
				718E76E129F28907004CCA95 /* Constant.swift in Sources */,
				7149371629F52E17001792FC /* CategoryModel.swift in Sources */,
				718E76E529F28C02004CCA95 /* NavigationBarView.swift in Sources */,
				7149371829F52EAF001792FC /* CategoryItemView.swift in Sources */,
				7149371C29F53102001792FC /* SectionView.swift in Sources */,
				7149371429F529FB001792FC /* FeaturedTabView.swift in Sources */,
				7149371A29F52FAA001792FC /* CategoryGridView.swift in Sources */,
				7149370E29F527E4001792FC /* PlayerModel.swift in Sources */,
			);
			runOnlyForDeploymentPostprocessing = 0;
		};
/* End PBXSourcesBuildPhase section */

/* Begin XCBuildConfiguration section */
		718E76CA29F286B5004CCA95 /* Debug */ = {
			isa = XCBuildConfiguration;
			buildSettings = {
				ALWAYS_SEARCH_USER_PATHS = NO;
				CLANG_ANALYZER_NONNULL = YES;
				CLANG_ANALYZER_NUMBER_OBJECT_CONVERSION = YES_AGGRESSIVE;
				CLANG_CXX_LANGUAGE_STANDARD = "gnu++20";
				CLANG_ENABLE_MODULES = YES;
				CLANG_ENABLE_OBJC_ARC = YES;
				CLANG_ENABLE_OBJC_WEAK = YES;
				CLANG_WARN_BLOCK_CAPTURE_AUTORELEASING = YES;
				CLANG_WARN_BOOL_CONVERSION = YES;
				CLANG_WARN_COMMA = YES;
				CLANG_WARN_CONSTANT_CONVERSION = YES;
				CLANG_WARN_DEPRECATED_OBJC_IMPLEMENTATIONS = YES;
				CLANG_WARN_DIRECT_OBJC_ISA_USAGE = YES_ERROR;
				CLANG_WARN_DOCUMENTATION_COMMENTS = YES;
				CLANG_WARN_EMPTY_BODY = YES;
				CLANG_WARN_ENUM_CONVERSION = YES;
				CLANG_WARN_INFINITE_RECURSION = YES;
				CLANG_WARN_INT_CONVERSION = YES;
				CLANG_WARN_NON_LITERAL_NULL_CONVERSION = YES;
				CLANG_WARN_OBJC_IMPLICIT_RETAIN_SELF = YES;
				CLANG_WARN_OBJC_LITERAL_CONVERSION = YES;
				CLANG_WARN_OBJC_ROOT_CLASS = YES_ERROR;
				CLANG_WARN_QUOTED_INCLUDE_IN_FRAMEWORK_HEADER = YES;
				CLANG_WARN_RANGE_LOOP_ANALYSIS = YES;
				CLANG_WARN_STRICT_PROTOTYPES = YES;
				CLANG_WARN_SUSPICIOUS_MOVE = YES;
				CLANG_WARN_UNGUARDED_AVAILABILITY = YES_AGGRESSIVE;
				CLANG_WARN_UNREACHABLE_CODE = YES;
				CLANG_WARN__DUPLICATE_METHOD_MATCH = YES;
				COPY_PHASE_STRIP = NO;
				DEBUG_INFORMATION_FORMAT = dwarf;
				ENABLE_STRICT_OBJC_MSGSEND = YES;
				ENABLE_TESTABILITY = YES;
				GCC_C_LANGUAGE_STANDARD = gnu11;
				GCC_DYNAMIC_NO_PIC = NO;
				GCC_NO_COMMON_BLOCKS = YES;
				GCC_OPTIMIZATION_LEVEL = 0;
				GCC_PREPROCESSOR_DEFINITIONS = (
					"DEBUG=1",
					"$(inherited)",
				);
				GCC_WARN_64_TO_32_BIT_CONVERSION = YES;
				GCC_WARN_ABOUT_RETURN_TYPE = YES_ERROR;
				GCC_WARN_UNDECLARED_SELECTOR = YES;
				GCC_WARN_UNINITIALIZED_AUTOS = YES_AGGRESSIVE;
				GCC_WARN_UNUSED_FUNCTION = YES;
				GCC_WARN_UNUSED_VARIABLE = YES;
				IPHONEOS_DEPLOYMENT_TARGET = 16.4;
				MTL_ENABLE_DEBUG_INFO = INCLUDE_SOURCE;
				MTL_FAST_MATH = YES;
				ONLY_ACTIVE_ARCH = YES;
				SDKROOT = iphoneos;
				SWIFT_ACTIVE_COMPILATION_CONDITIONS = DEBUG;
				SWIFT_OPTIMIZATION_LEVEL = "-Onone";
			};
			name = Debug;
		};
		718E76CB29F286B5004CCA95 /* Release */ = {
			isa = XCBuildConfiguration;
			buildSettings = {
				ALWAYS_SEARCH_USER_PATHS = NO;
				CLANG_ANALYZER_NONNULL = YES;
				CLANG_ANALYZER_NUMBER_OBJECT_CONVERSION = YES_AGGRESSIVE;
				CLANG_CXX_LANGUAGE_STANDARD = "gnu++20";
				CLANG_ENABLE_MODULES = YES;
				CLANG_ENABLE_OBJC_ARC = YES;
				CLANG_ENABLE_OBJC_WEAK = YES;
				CLANG_WARN_BLOCK_CAPTURE_AUTORELEASING = YES;
				CLANG_WARN_BOOL_CONVERSION = YES;
				CLANG_WARN_COMMA = YES;
				CLANG_WARN_CONSTANT_CONVERSION = YES;
				CLANG_WARN_DEPRECATED_OBJC_IMPLEMENTATIONS = YES;
				CLANG_WARN_DIRECT_OBJC_ISA_USAGE = YES_ERROR;
				CLANG_WARN_DOCUMENTATION_COMMENTS = YES;
				CLANG_WARN_EMPTY_BODY = YES;
				CLANG_WARN_ENUM_CONVERSION = YES;
				CLANG_WARN_INFINITE_RECURSION = YES;
				CLANG_WARN_INT_CONVERSION = YES;
				CLANG_WARN_NON_LITERAL_NULL_CONVERSION = YES;
				CLANG_WARN_OBJC_IMPLICIT_RETAIN_SELF = YES;
				CLANG_WARN_OBJC_LITERAL_CONVERSION = YES;
				CLANG_WARN_OBJC_ROOT_CLASS = YES_ERROR;
				CLANG_WARN_QUOTED_INCLUDE_IN_FRAMEWORK_HEADER = YES;
				CLANG_WARN_RANGE_LOOP_ANALYSIS = YES;
				CLANG_WARN_STRICT_PROTOTYPES = YES;
				CLANG_WARN_SUSPICIOUS_MOVE = YES;
				CLANG_WARN_UNGUARDED_AVAILABILITY = YES_AGGRESSIVE;
				CLANG_WARN_UNREACHABLE_CODE = YES;
				CLANG_WARN__DUPLICATE_METHOD_MATCH = YES;
				COPY_PHASE_STRIP = NO;
				DEBUG_INFORMATION_FORMAT = "dwarf-with-dsym";
				ENABLE_NS_ASSERTIONS = NO;
				ENABLE_STRICT_OBJC_MSGSEND = YES;
				GCC_C_LANGUAGE_STANDARD = gnu11;
				GCC_NO_COMMON_BLOCKS = YES;
				GCC_WARN_64_TO_32_BIT_CONVERSION = YES;
				GCC_WARN_ABOUT_RETURN_TYPE = YES_ERROR;
				GCC_WARN_UNDECLARED_SELECTOR = YES;
				GCC_WARN_UNINITIALIZED_AUTOS = YES_AGGRESSIVE;
				GCC_WARN_UNUSED_FUNCTION = YES;
				GCC_WARN_UNUSED_VARIABLE = YES;
				IPHONEOS_DEPLOYMENT_TARGET = 16.4;
				MTL_ENABLE_DEBUG_INFO = NO;
				MTL_FAST_MATH = YES;
				SDKROOT = iphoneos;
				SWIFT_COMPILATION_MODE = wholemodule;
				SWIFT_OPTIMIZATION_LEVEL = "-O";
				VALIDATE_PRODUCT = YES;
			};
			name = Release;
		};
		718E76CD29F286B5004CCA95 /* Debug */ = {
			isa = XCBuildConfiguration;
			buildSettings = {
				ASSETCATALOG_COMPILER_APPICON_NAME = AppIcon;
				ASSETCATALOG_COMPILER_GLOBAL_ACCENT_COLOR_NAME = AccentColor;
				CODE_SIGN_STYLE = Automatic;
				CURRENT_PROJECT_VERSION = 1;
				DEVELOPMENT_ASSET_PATHS = "\"Touchdown/Preview Content\"";
				DEVELOPMENT_TEAM = G29X5XN89V;
				ENABLE_PREVIEWS = YES;
				GENERATE_INFOPLIST_FILE = YES;
				INFOPLIST_FILE = Touchdown/Info.plist;
				INFOPLIST_KEY_UIApplicationSceneManifest_Generation = YES;
				INFOPLIST_KEY_UIApplicationSupportsIndirectInputEvents = YES;
				INFOPLIST_KEY_UISupportedInterfaceOrientations = UIInterfaceOrientationPortrait;
				INFOPLIST_KEY_UISupportedInterfaceOrientations_iPad = "UIInterfaceOrientationLandscapeLeft UIInterfaceOrientationLandscapeRight UIInterfaceOrientationPortrait UIInterfaceOrientationPortraitUpsideDown";
				INFOPLIST_KEY_UIUserInterfaceStyle = Light;
				LD_RUNPATH_SEARCH_PATHS = (
					"$(inherited)",
					"@executable_path/Frameworks",
				);
				MARKETING_VERSION = 1.0;
				PRODUCT_BUNDLE_IDENTIFIER = com.owol.Touchdown;
				PRODUCT_NAME = "$(TARGET_NAME)";
				SWIFT_EMIT_LOC_STRINGS = YES;
				SWIFT_VERSION = 5.0;
				TARGETED_DEVICE_FAMILY = "1,2";
			};
			name = Debug;
		};
		718E76CE29F286B5004CCA95 /* Release */ = {
			isa = XCBuildConfiguration;
			buildSettings = {
				ASSETCATALOG_COMPILER_APPICON_NAME = AppIcon;
				ASSETCATALOG_COMPILER_GLOBAL_ACCENT_COLOR_NAME = AccentColor;
				CODE_SIGN_STYLE = Automatic;
				CURRENT_PROJECT_VERSION = 1;
				DEVELOPMENT_ASSET_PATHS = "\"Touchdown/Preview Content\"";
				DEVELOPMENT_TEAM = G29X5XN89V;
				ENABLE_PREVIEWS = YES;
				GENERATE_INFOPLIST_FILE = YES;
				INFOPLIST_FILE = Touchdown/Info.plist;
				INFOPLIST_KEY_UIApplicationSceneManifest_Generation = YES;
				INFOPLIST_KEY_UIApplicationSupportsIndirectInputEvents = YES;
				INFOPLIST_KEY_UISupportedInterfaceOrientations = UIInterfaceOrientationPortrait;
				INFOPLIST_KEY_UISupportedInterfaceOrientations_iPad = "UIInterfaceOrientationLandscapeLeft UIInterfaceOrientationLandscapeRight UIInterfaceOrientationPortrait UIInterfaceOrientationPortraitUpsideDown";
				INFOPLIST_KEY_UIUserInterfaceStyle = Light;
				LD_RUNPATH_SEARCH_PATHS = (
					"$(inherited)",
					"@executable_path/Frameworks",
				);
				MARKETING_VERSION = 1.0;
				PRODUCT_BUNDLE_IDENTIFIER = com.owol.Touchdown;
				PRODUCT_NAME = "$(TARGET_NAME)";
				SWIFT_EMIT_LOC_STRINGS = YES;
				SWIFT_VERSION = 5.0;
				TARGETED_DEVICE_FAMILY = "1,2";
			};
			name = Release;
		};
/* End XCBuildConfiguration section */

/* Begin XCConfigurationList section */
		718E76B929F286B3004CCA95 /* Build configuration list for PBXProject "Touchdown" */ = {
			isa = XCConfigurationList;
			buildConfigurations = (
				718E76CA29F286B5004CCA95 /* Debug */,
				718E76CB29F286B5004CCA95 /* Release */,
			);
			defaultConfigurationIsVisible = 0;
			defaultConfigurationName = Release;
		};
		718E76CC29F286B5004CCA95 /* Build configuration list for PBXNativeTarget "Touchdown" */ = {
			isa = XCConfigurationList;
			buildConfigurations = (
				718E76CD29F286B5004CCA95 /* Debug */,
				718E76CE29F286B5004CCA95 /* Release */,
			);
			defaultConfigurationIsVisible = 0;
			defaultConfigurationName = Release;
		};
/* End XCConfigurationList section */
	};
	rootObject = 718E76B629F286B3004CCA95 /* Project object */;
}
